// !$*UTF8*$!
{
	archiveVersion = 1;
	classes = {
	};
	objectVersion = 50;
	objects = {

/* Begin PBXBuildFile section */
		B570E16F2405680700E0B64D /* AppDelegate.swift in Sources */ = {isa = PBXBuildFile; fileRef = B570E16E2405680700E0B64D /* AppDelegate.swift */; };
		B570E1712405680700E0B64D /* SceneDelegate.swift in Sources */ = {isa = PBXBuildFile; fileRef = B570E1702405680700E0B64D /* SceneDelegate.swift */; };
		B570E1732405680700E0B64D /* ContentView.swift in Sources */ = {isa = PBXBuildFile; fileRef = B570E1722405680700E0B64D /* ContentView.swift */; };
		B570E1752405680800E0B64D /* Assets.xcassets in Resources */ = {isa = PBXBuildFile; fileRef = B570E1742405680800E0B64D /* Assets.xcassets */; };
		B570E1782405680800E0B64D /* Preview Assets.xcassets in Resources */ = {isa = PBXBuildFile; fileRef = B570E1772405680800E0B64D /* Preview Assets.xcassets */; };
		B570E17B2405680800E0B64D /* LaunchScreen.storyboard in Resources */ = {isa = PBXBuildFile; fileRef = B570E1792405680800E0B64D /* LaunchScreen.storyboard */; };
/* End PBXBuildFile section */

/* Begin PBXFileReference section */
		B570E16B2405680700E0B64D /* SwiftUI-LayoutWithStacks.app */ = {isa = PBXFileReference; explicitFileType = wrapper.application; includeInIndex = 0; path = "SwiftUI-LayoutWithStacks.app"; sourceTree = BUILT_PRODUCTS_DIR; };
		B570E16E2405680700E0B64D /* AppDelegate.swift */ = {isa = PBXFileReference; lastKnownFileType = sourcecode.swift; path = AppDelegate.swift; sourceTree = "<group>"; };
		B570E1702405680700E0B64D /* SceneDelegate.swift */ = {isa = PBXFileReference; lastKnownFileType = sourcecode.swift; path = SceneDelegate.swift; sourceTree = "<group>"; };
		B570E1722405680700E0B64D /* ContentView.swift */ = {isa = PBXFileReference; lastKnownFileType = sourcecode.swift; path = ContentView.swift; sourceTree = "<group>"; };
		B570E1742405680800E0B64D /* Assets.xcassets */ = {isa = PBXFileReference; lastKnownFileType = folder.assetcatalog; path = Assets.xcassets; sourceTree = "<group>"; };
		B570E1772405680800E0B64D /* Preview Assets.xcassets */ = {isa = PBXFileReference; lastKnownFileType = folder.assetcatalog; path = "Preview Assets.xcassets"; sourceTree = "<group>"; };
		B570E17A2405680800E0B64D /* Base */ = {isa = PBXFileReference; lastKnownFileType = file.storyboard; name = Base; path = Base.lproj/LaunchScreen.storyboard; sourceTree = "<group>"; };
		B570E17C2405680800E0B64D /* Info.plist */ = {isa = PBXFileReference; lastKnownFileType = text.plist.xml; path = Info.plist; sourceTree = "<group>"; };
/* End PBXFileReference section */

/* Begin PBXFrameworksBuildPhase section */
		B570E1682405680700E0B64D /* Frameworks */ = {
			isa = PBXFrameworksBuildPhase;
			buildActionMask = 2147483647;
			files = (
			);
			runOnlyForDeploymentPostprocessing = 0;
		};
/* End PBXFrameworksBuildPhase section */

/* Begin PBXGroup section */
		B570E1622405680700E0B64D = {
			isa = PBXGroup;
			children = (
				B570E16D2405680700E0B64D /* SwiftUI-LayoutWithStacks */,
				B570E16C2405680700E0B64D /* Products */,
			);
			sourceTree = "<group>";
		};
		B570E16C2405680700E0B64D /* Products */ = {
			isa = PBXGroup;
			children = (
				B570E16B2405680700E0B64D /* SwiftUI-LayoutWithStacks.app */,
			);
			name = Products;
			sourceTree = "<group>";
		};
		B570E16D2405680700E0B64D /* SwiftUI-LayoutWithStacks */ = {
			isa = PBXGroup;
			children = (
				B570E16E2405680700E0B64D /* AppDelegate.swift */,
				B570E1702405680700E0B64D /* SceneDelegate.swift */,
				B570E1722405680700E0B64D /* ContentView.swift */,
				B570E1742405680800E0B64D /* Assets.xcassets */,
				B570E1792405680800E0B64D /* LaunchScreen.storyboard */,
				B570E17C2405680800E0B64D /* Info.plist */,
				B570E1762405680800E0B64D /* Preview Content */,
			);
			path = "SwiftUI-LayoutWithStacks";
			sourceTree = "<group>";
		};
		B570E1762405680800E0B64D /* Preview Content */ = {
			isa = PBXGroup;
			children = (
				B570E1772405680800E0B64D /* Preview Assets.xcassets */,
			);
			path = "Preview Content";
			sourceTree = "<group>";
		};
/* End PBXGroup section */

/* Begin PBXNativeTarget section */
		B570E16A2405680700E0B64D /* SwiftUI-LayoutWithStacks */ = {
			isa = PBXNativeTarget;
			buildConfigurationList = B570E17F2405680800E0B64D /* Build configuration list for PBXNativeTarget "SwiftUI-LayoutWithStacks" */;
			buildPhases = (
				B570E1672405680700E0B64D /* Sources */,
				B570E1682405680700E0B64D /* Frameworks */,
				B570E1692405680700E0B64D /* Resources */,
			);
			buildRules = (
			);
			dependencies = (
			);
			name = "SwiftUI-LayoutWithStacks";
			productName = "SwiftUI-LayoutWithStacks";
			productReference = B570E16B2405680700E0B64D /* SwiftUI-LayoutWithStacks.app */;
			productType = "com.apple.product-type.application";
		};
/* End PBXNativeTarget section */

/* Begin PBXProject section */
		B570E1632405680700E0B64D /* Project object */ = {
			isa = PBXProject;
			attributes = {
				LastSwiftUpdateCheck = 1140;
				LastUpgradeCheck = 1140;
				ORGANIZATIONNAME = NSScreencast;
				TargetAttributes = {
					B570E16A2405680700E0B64D = {
						CreatedOnToolsVersion = 11.4;
					};
				};
			};
			buildConfigurationList = B570E1662405680700E0B64D /* Build configuration list for PBXProject "SwiftUI-LayoutWithStacks" */;
			compatibilityVersion = "Xcode 9.3";
			developmentRegion = en;
			hasScannedForEncodings = 0;
			knownRegions = (
				en,
				Base,
			);
			mainGroup = B570E1622405680700E0B64D;
			productRefGroup = B570E16C2405680700E0B64D /* Products */;
			projectDirPath = "";
			projectRoot = "";
			targets = (
				B570E16A2405680700E0B64D /* SwiftUI-LayoutWithStacks */,
			);
		};
/* End PBXProject section */

/* Begin PBXResourcesBuildPhase section */
		B570E1692405680700E0B64D /* Resources */ = {
			isa = PBXResourcesBuildPhase;
			buildActionMask = 2147483647;
			files = (
				B570E17B2405680800E0B64D /* LaunchScreen.storyboard in Resources */,
				B570E1782405680800E0B64D /* Preview Assets.xcassets in Resources */,
				B570E1752405680800E0B64D /* Assets.xcassets in Resources */,
			);
			runOnlyForDeploymentPostprocessing = 0;
		};
/* End PBXResourcesBuildPhase section */

/* Begin PBXSourcesBuildPhase section */
		B570E1672405680700E0B64D /* Sources */ = {
			isa = PBXSourcesBuildPhase;
			buildActionMask = 2147483647;
			files = (
				B570E16F2405680700E0B64D /* AppDelegate.swift in Sources */,
				B570E1712405680700E0B64D /* SceneDelegate.swift in Sources */,
				B570E1732405680700E0B64D /* ContentView.swift in Sources */,
			);
			runOnlyForDeploymentPostprocessing = 0;
		};
/* End PBXSourcesBuildPhase section */

/* Begin PBXVariantGroup section */
		B570E1792405680800E0B64D /* LaunchScreen.storyboard */ = {
			isa = PBXVariantGroup;
			children = (
				B570E17A2405680800E0B64D /* Base */,
			);
			name = LaunchScreen.storyboard;
			sourceTree = "<group>";
		};
/* End PBXVariantGroup section */

/* Begin XCBuildConfiguration section */
		B570E17D2405680800E0B64D /* Debug */ = {
			isa = XCBuildConfiguration;
			buildSettings = {
				ALWAYS_SEARCH_USER_PATHS = NO;
				CLANG_ANALYZER_NONNULL = YES;
				CLANG_ANALYZER_NUMBER_OBJECT_CONVERSION = YES_AGGRESSIVE;
				CLANG_CXX_LANGUAGE_STANDARD = "gnu++14";
				CLANG_CXX_LIBRARY = "libc++";
				CLANG_ENABLE_MODULES = YES;
				CLANG_ENABLE_OBJC_ARC = YES;
				CLANG_ENABLE_OBJC_WEAK = YES;
				CLANG_WARN_BLOCK_CAPTURE_AUTORELEASING = YES;
				CLANG_WARN_BOOL_CONVERSION = YES;
				CLANG_WARN_COMMA = YES;
				CLANG_WARN_CONSTANT_CONVERSION = YES;
				CLANG_WARN_DEPRECATED_OBJC_IMPLEMENTATIONS = YES;
				CLANG_WARN_DIRECT_OBJC_ISA_USAGE = YES_ERROR;
				CLANG_WARN_DOCUMENTATION_COMMENTS = YES;
				CLANG_WARN_EMPTY_BODY = YES;
				CLANG_WARN_ENUM_CONVERSION = YES;
				CLANG_WARN_INFINITE_RECURSION = YES;
				CLANG_WARN_INT_CONVERSION = YES;
				CLANG_WARN_NON_LITERAL_NULL_CONVERSION = YES;
				CLANG_WARN_OBJC_IMPLICIT_RETAIN_SELF = YES;
				CLANG_WARN_OBJC_LITERAL_CONVERSION = YES;
				CLANG_WARN_OBJC_ROOT_CLASS = YES_ERROR;
				CLANG_WARN_RANGE_LOOP_ANALYSIS = YES;
				CLANG_WARN_STRICT_PROTOTYPES = YES;
				CLANG_WARN_SUSPICIOUS_MOVE = YES;
				CLANG_WARN_UNGUARDED_AVAILABILITY = YES_AGGRESSIVE;
				CLANG_WARN_UNREACHABLE_CODE = YES;
				CLANG_WARN__DUPLICATE_METHOD_MATCH = YES;
				COPY_PHASE_STRIP = NO;
				DEBUG_INFORMATION_FORMAT = dwarf;
				ENABLE_STRICT_OBJC_MSGSEND = YES;
				ENABLE_TESTABILITY = YES;
				GCC_C_LANGUAGE_STANDARD = gnu11;
				GCC_DYNAMIC_NO_PIC = NO;
				GCC_NO_COMMON_BLOCKS = YES;
				GCC_OPTIMIZATION_LEVEL = 0;
				GCC_PREPROCESSOR_DEFINITIONS = (
					"DEBUG=1",
					"$(inherited)",
				);
				GCC_WARN_64_TO_32_BIT_CONVERSION = YES;
				GCC_WARN_ABOUT_RETURN_TYPE = YES_ERROR;
				GCC_WARN_UNDECLARED_SELECTOR = YES;
				GCC_WARN_UNINITIALIZED_AUTOS = YES_AGGRESSIVE;
				GCC_WARN_UNUSED_FUNCTION = YES;
				GCC_WARN_UNUSED_VARIABLE = YES;
				IPHONEOS_DEPLOYMENT_TARGET = 13.4;
				MTL_ENABLE_DEBUG_INFO = INCLUDE_SOURCE;
				MTL_FAST_MATH = YES;
				ONLY_ACTIVE_ARCH = YES;
				SDKROOT = iphoneos;
				SWIFT_ACTIVE_COMPILATION_CONDITIONS = DEBUG;
				SWIFT_OPTIMIZATION_LEVEL = "-Onone";
			};
			name = Debug;
		};
		B570E17E2405680800E0B64D /* Release */ = {
			isa = XCBuildConfiguration;
			buildSettings = {
				ALWAYS_SEARCH_USER_PATHS = NO;
				CLANG_ANALYZER_NONNULL = YES;
				CLANG_ANALYZER_NUMBER_OBJECT_CONVERSION = YES_AGGRESSIVE;
				CLANG_CXX_LANGUAGE_STANDARD = "gnu++14";
				CLANG_CXX_LIBRARY = "libc++";
				CLANG_ENABLE_MODULES = YES;
				CLANG_ENABLE_OBJC_ARC = YES;
				CLANG_ENABLE_OBJC_WEAK = YES;
				CLANG_WARN_BLOCK_CAPTURE_AUTORELEASING = YES;
				CLANG_WARN_BOOL_CONVERSION = YES;
				CLANG_WARN_COMMA = YES;
				CLANG_WARN_CONSTANT_CONVERSION = YES;
				CLANG_WARN_DEPRECATED_OBJC_IMPLEMENTATIONS = YES;
				CLANG_WARN_DIRECT_OBJC_ISA_USAGE = YES_ERROR;
				CLANG_WARN_DOCUMENTATION_COMMENTS = YES;
				CLANG_WARN_EMPTY_BODY = YES;
				CLANG_WARN_ENUM_CONVERSION = YES;
				CLANG_WARN_INFINITE_RECURSION = YES;
				CLANG_WARN_INT_CONVERSION = YES;
				CLANG_WARN_NON_LITERAL_NULL_CONVERSION = YES;
				CLANG_WARN_OBJC_IMPLICIT_RETAIN_SELF = YES;
				CLANG_WARN_OBJC_LITERAL_CONVERSION = YES;
				CLANG_WARN_OBJC_ROOT_CLASS = YES_ERROR;
				CLANG_WARN_RANGE_LOOP_ANALYSIS = YES;
				CLANG_WARN_STRICT_PROTOTYPES = YES;
				CLANG_WARN_SUSPICIOUS_MOVE = YES;
				CLANG_WARN_UNGUARDED_AVAILABILITY = YES_AGGRESSIVE;
				CLANG_WARN_UNREACHABLE_CODE = YES;
				CLANG_WARN__DUPLICATE_METHOD_MATCH = YES;
				COPY_PHASE_STRIP = NO;
				DEBUG_INFORMATION_FORMAT = "dwarf-with-dsym";
				ENABLE_NS_ASSERTIONS = NO;
				ENABLE_STRICT_OBJC_MSGSEND = YES;
				GCC_C_LANGUAGE_STANDARD = gnu11;
				GCC_NO_COMMON_BLOCKS = YES;
				GCC_WARN_64_TO_32_BIT_CONVERSION = YES;
				GCC_WARN_ABOUT_RETURN_TYPE = YES_ERROR;
				GCC_WARN_UNDECLARED_SELECTOR = YES;
				GCC_WARN_UNINITIALIZED_AUTOS = YES_AGGRESSIVE;
				GCC_WARN_UNUSED_FUNCTION = YES;
				GCC_WARN_UNUSED_VARIABLE = YES;
				IPHONEOS_DEPLOYMENT_TARGET = 13.4;
				MTL_ENABLE_DEBUG_INFO = NO;
				MTL_FAST_MATH = YES;
				SDKROOT = iphoneos;
				SWIFT_COMPILATION_MODE = wholemodule;
				SWIFT_OPTIMIZATION_LEVEL = "-O";
				VALIDATE_PRODUCT = YES;
			};
			name = Release;
		};
		B570E1802405680800E0B64D /* Debug */ = {
			isa = XCBuildConfiguration;
			buildSettings = {
				ASSETCATALOG_COMPILER_APPICON_NAME = AppIcon;
				CODE_SIGN_STYLE = Automatic;
				DEVELOPMENT_ASSET_PATHS = "\"SwiftUI-LayoutWithStacks/Preview Content\"";
				DEVELOPMENT_TEAM = C2K3864N2N;
				ENABLE_PREVIEWS = YES;
				INFOPLIST_FILE = "SwiftUI-LayoutWithStacks/Info.plist";
				LD_RUNPATH_SEARCH_PATHS = (
					"$(inherited)",
					"@executable_path/Frameworks",
				);
				PRODUCT_BUNDLE_IDENTIFIER = "com.nsscreencast.SwiftUI-LayoutWithStacks";
				PRODUCT_NAME = "$(TARGET_NAME)";
				SWIFT_VERSION = 5.0;
				TARGETED_DEVICE_FAMILY = "1,2";
			};
			name = Debug;
		};
		B570E1812405680800E0B64D /* Release */ = {
			isa = XCBuildConfiguration;
			buildSettings = {
				ASSETCATALOG_COMPILER_APPICON_NAME = AppIcon;
				CODE_SIGN_STYLE = Automatic;
				DEVELOPMENT_ASSET_PATHS = "\"SwiftUI-LayoutWithStacks/Preview Content\"";
				DEVELOPMENT_TEAM = C2K3864N2N;
				ENABLE_PREVIEWS = YES;
				INFOPLIST_FILE = "SwiftUI-LayoutWithStacks/Info.plist";
				LD_RUNPATH_SEARCH_PATHS = (
					"$(inherited)",
					"@executable_path/Frameworks",
				);
				PRODUCT_BUNDLE_IDENTIFIER = "com.nsscreencast.SwiftUI-LayoutWithStacks";
				PRODUCT_NAME = "$(TARGET_NAME)";
				SWIFT_VERSION = 5.0;
				TARGETED_DEVICE_FAMILY = "1,2";
			};
			name = Release;
		};
/* End XCBuildConfiguration section */

/* Begin XCConfigurationList section */
		B570E1662405680700E0B64D /* Build configuration list for PBXProject "SwiftUI-LayoutWithStacks" */ = {
			isa = XCConfigurationList;
			buildConfigurations = (
				B570E17D2405680800E0B64D /* Debug */,
				B570E17E2405680800E0B64D /* Release */,
			);
			defaultConfigurationIsVisible = 0;
			defaultConfigurationName = Release;
		};
		B570E17F2405680800E0B64D /* Build configuration list for PBXNativeTarget "SwiftUI-LayoutWithStacks" */ = {
			isa = XCConfigurationList;
			buildConfigurations = (
				B570E1802405680800E0B64D /* Debug */,
				B570E1812405680800E0B64D /* Release */,
			);
			defaultConfigurationIsVisible = 0;
			defaultConfigurationName = Release;
		};
/* End XCConfigurationList section */
	};
	rootObject = B570E1632405680700E0B64D /* Project object */;
}
